# This file is automatically @generated by Cargo.
# It is not intended for manual editing.
version = 3

[[package]]
name = "csharp"
version = "0.1.0"
dependencies = [
 "interoptopus",
 "interoptopus_backend_cpython",
 "interoptopus_backend_csharp",
]

[[package]]
name = "darling"
version = "0.13.2"
source = "registry+https://github.com/rust-lang/crates.io-index"
checksum = "4e92cb285610dd935f60ee8b4d62dd1988bd12b7ea50579bd6a138201525318e"
dependencies = [
 "darling_core",
 "darling_macro",
]

[[package]]
name = "darling_core"
version = "0.13.2"
source = "registry+https://github.com/rust-lang/crates.io-index"
checksum = "5c29e95ab498b18131ea460b2c0baa18cbf041231d122b0b7bfebef8c8e88989"
dependencies = [
 "fnv",
 "ident_case",
 "proc-macro2",
 "quote",
 "strsim",
 "syn",
]

[[package]]
name = "darling_macro"
version = "0.13.2"
source = "registry+https://github.com/rust-lang/crates.io-index"
checksum = "b21dd6b221dd547528bd6fb15f1a3b7ab03b9a06f76bff288a8c629bcfbe7f0e"
dependencies = [
 "darling_core",
 "quote",
 "syn",
]

[[package]]
name = "fnv"
version = "1.0.7"
source = "registry+https://github.com/rust-lang/crates.io-index"
checksum = "3f9eec918d3f24069decb9af1554cad7c880e2da24a9afd88aca000531ab82c1"

[[package]]
name = "heck"
version = "0.4.0"
source = "registry+https://github.com/rust-lang/crates.io-index"
checksum = "2540771e65fc8cb83cd6e8a237f70c319bd5c29f78ed1084ba5d50eeac86f7f9"

[[package]]
name = "ident_case"
version = "1.0.1"
source = "registry+https://github.com/rust-lang/crates.io-index"
checksum = "b9e0384b61958566e926dc50660321d12159025e767c18e043daf26b70104c39"

[[package]]
name = "interoptopus"
version = "0.14.1"
source = "registry+https://github.com/rust-lang/crates.io-index"
checksum = "eef5b305831c387ec4c673cb7211ded02d7dfe76790f505947c6c01bd606d0a7"
dependencies = [
 "interoptopus_proc",
]

[[package]]
name = "interoptopus_backend_cpython"
version = "0.14.0"
source = "registry+https://github.com/rust-lang/crates.io-index"
checksum = "74f077717519e2db6ea8efc8f2584fa163eebbdb6c15a92e25a6e9ff3179a57b"
dependencies = [
 "interoptopus",
]

[[package]]
name = "interoptopus_backend_csharp"
version = "0.14.0"
source = "registry+https://github.com/rust-lang/crates.io-index"
checksum = "7e8e50e299727905789526ff368a8511d7eaa53bc98fac11e12e86193876be7f"
dependencies = [
 "heck",
 "interoptopus",
]

[[package]]
name = "interoptopus_proc"
version = "0.14.0"
source = "registry+https://github.com/rust-lang/crates.io-index"
checksum = "73ac2e7d0fdc04a8d827e88670882be7cedcab4c2a85cca7df2a4aaa94f5f388"
dependencies = [
 "darling",
 "proc-macro2",
 "quote",
 "syn",
]

[[package]]
name = "proc-macro2"
version = "1.0.36"
source = "registry+https://github.com/rust-lang/crates.io-index"
checksum = "c7342d5883fbccae1cc37a2353b09c87c9b0f3afd73f5fb9bba687a1f733b029"
dependencies = [
 "unicode-xid",
]

[[package]]
name = "quote"
version = "1.0.17"
source = "registry+https://github.com/rust-lang/crates.io-index"
checksum = "632d02bff7f874a36f33ea8bb416cd484b90cc66c1194b1a1110d067a7013f58"
dependencies = [
 "proc-macro2",
]

[[package]]
name = "strsim"
version = "0.10.0"
source = "registry+https://github.com/rust-lang/crates.io-index"
checksum = "73473c0e59e6d5812c5dfe2a064a6444949f089e20eec9a2e5506596494e4623"

[[package]]
name = "syn"
version = "1.0.90"
source = "registry+https://github.com/rust-lang/crates.io-index"
checksum = "704df27628939572cd88d33f171cd6f896f4eaca85252c6e0a72d8d8287ee86f"
dependencies = [
 "proc-macro2",
 "quote",
 "unicode-xid",
]

[[package]]
name = "unicode-xid"
version = "0.2.2"
source = "registry+https://github.com/rust-lang/crates.io-index"
checksum = "8ccb82d61f80a663efe1f787a51b16b5a51e3314d6ac365b08639f52387b33f3"
